
Microsoft Visual Studio Solution File, Format Version 12.00
# Visual Studio Version 17
VisualStudioVersion = 17.0.31903.59
MinimumVisualStudioVersion = 10.0.40219.1
Project("{2150E333-8FDC-42A3-9474-1A3956D46DE8}") = "Orgonaut.Client", "Orgonaut.Client", "{02EA681E-C7D8-13C7-8484-4AC65E1B71E8}"
EndProject
Project("{2150E333-8FDC-42A3-9474-1A3956D46DE8}") = "Orgonaut.Server", "Orgonaut.Server", "{746CE4B9-BB62-422B-8123-8BC1617DF0C0}"
EndProject
Project("{2150E333-8FDC-42A3-9474-1A3956D46DE8}") = "src", "src", "{9006F241-273C-472F-83F2-9DDDEF56FA99}"
EndProject
Project("{2150E333-8FDC-42A3-9474-1A3956D46DE8}") = "tests", "tests", "{5BE7067D-5670-47E5-9610-A52E6B0D148E}"
EndProject
Project("{2150E333-8FDC-42A3-9474-1A3956D46DE8}") = "Core", "Core", "{C1480715-B1A3-4F80-81CD-1B42AA413B04}"
EndProject
Project("{2150E333-8FDC-42A3-9474-1A3956D46DE8}") = "External", "External", "{7F32291E-E42C-4550-B85E-B07C5AF44484}"
EndProject
Project("{2150E333-8FDC-42A3-9474-1A3956D46DE8}") = "Shared", "Shared", "{F1FAD0F8-42D7-4B71-A8AD-7408DDB60B2C}"
EndProject
Project("{2150E333-8FDC-42A3-9474-1A3956D46DE8}") = "Bootstrapper", "Bootstrapper", "{681CDA89-961A-4144-A37F-FCA26E8613AC}"
EndProject
Project("{FAE04EC0-301F-11D3-BF4B-00C04F79EFBC}") = "Web.Api", "Orgonaut.Server\src\Bootstrapper\Web.Api\Web.Api.csproj", "{ED4CB5EE-5A0D-0D8C-86C6-453DA06F233E}"
EndProject
Project("{FAE04EC0-301F-11D3-BF4B-00C04F79EFBC}") = "SharedKernel", "Orgonaut.Server\src\Shared\SharedKernel\SharedKernel.csproj", "{4F3805A6-6EE7-1DE5-2704-C4756175A9BB}"
EndProject
Project("{FAE04EC0-301F-11D3-BF4B-00C04F79EFBC}") = "Domain", "Orgonaut.Server\src\Core\Domain\Domain.csproj", "{A2FD4417-E004-5A9D-A54C-4BCB840D4234}"
EndProject
Project("{FAE04EC0-301F-11D3-BF4B-00C04F79EFBC}") = "Application", "Orgonaut.Server\src\Core\Application\Application.csproj", "{D5A8FC43-936E-2216-2B76-78BC3C4603B3}"
EndProject
Project("{FAE04EC0-301F-11D3-BF4B-00C04F79EFBC}") = "Infrastructure", "Orgonaut.Server\src\External\Infrastructure\Infrastructure.csproj", "{AF031F10-CCC4-0824-078B-A89DBED386A4}"
EndProject
Project("{FAE04EC0-301F-11D3-BF4B-00C04F79EFBC}") = "Persistence", "Orgonaut.Server\src\External\Persistence\Persistence.csproj", "{D51BBE09-5EEA-FDB8-D186-68E7FC6BCAB6}"
EndProject
Project("{FAE04EC0-301F-11D3-BF4B-00C04F79EFBC}") = "Presentation", "Orgonaut.Server\src\External\Presentation\Presentation.csproj", "{72892DB4-80B1-B40E-C972-FE6D302C88D7}"
EndProject
Global
	GlobalSection(SolutionConfigurationPlatforms) = preSolution
		Debug|Any CPU = Debug|Any CPU
		Release|Any CPU = Release|Any CPU
	EndGlobalSection
	GlobalSection(ProjectConfigurationPlatforms) = postSolution
		{ED4CB5EE-5A0D-0D8C-86C6-453DA06F233E}.Debug|Any CPU.ActiveCfg = Debug|Any CPU
		{ED4CB5EE-5A0D-0D8C-86C6-453DA06F233E}.Debug|Any CPU.Build.0 = Debug|Any CPU
		{ED4CB5EE-5A0D-0D8C-86C6-453DA06F233E}.Release|Any CPU.ActiveCfg = Release|Any CPU
		{ED4CB5EE-5A0D-0D8C-86C6-453DA06F233E}.Release|Any CPU.Build.0 = Release|Any CPU
		{4F3805A6-6EE7-1DE5-2704-C4756175A9BB}.Debug|Any CPU.ActiveCfg = Debug|Any CPU
		{4F3805A6-6EE7-1DE5-2704-C4756175A9BB}.Debug|Any CPU.Build.0 = Debug|Any CPU
		{4F3805A6-6EE7-1DE5-2704-C4756175A9BB}.Release|Any CPU.ActiveCfg = Release|Any CPU
		{4F3805A6-6EE7-1DE5-2704-C4756175A9BB}.Release|Any CPU.Build.0 = Release|Any CPU
		{A2FD4417-E004-5A9D-A54C-4BCB840D4234}.Debug|Any CPU.ActiveCfg = Debug|Any CPU
		{A2FD4417-E004-5A9D-A54C-4BCB840D4234}.Debug|Any CPU.Build.0 = Debug|Any CPU
		{A2FD4417-E004-5A9D-A54C-4BCB840D4234}.Release|Any CPU.ActiveCfg = Release|Any CPU
		{A2FD4417-E004-5A9D-A54C-4BCB840D4234}.Release|Any CPU.Build.0 = Release|Any CPU
		{D5A8FC43-936E-2216-2B76-78BC3C4603B3}.Debug|Any CPU.ActiveCfg = Debug|Any CPU
		{D5A8FC43-936E-2216-2B76-78BC3C4603B3}.Debug|Any CPU.Build.0 = Debug|Any CPU
		{D5A8FC43-936E-2216-2B76-78BC3C4603B3}.Release|Any CPU.ActiveCfg = Release|Any CPU
		{D5A8FC43-936E-2216-2B76-78BC3C4603B3}.Release|Any CPU.Build.0 = Release|Any CPU
		{AF031F10-CCC4-0824-078B-A89DBED386A4}.Debug|Any CPU.ActiveCfg = Debug|Any CPU
		{AF031F10-CCC4-0824-078B-A89DBED386A4}.Debug|Any CPU.Build.0 = Debug|Any CPU
		{AF031F10-CCC4-0824-078B-A89DBED386A4}.Release|Any CPU.ActiveCfg = Release|Any CPU
		{AF031F10-CCC4-0824-078B-A89DBED386A4}.Release|Any CPU.Build.0 = Release|Any CPU
		{D51BBE09-5EEA-FDB8-D186-68E7FC6BCAB6}.Debug|Any CPU.ActiveCfg = Debug|Any CPU
		{D51BBE09-5EEA-FDB8-D186-68E7FC6BCAB6}.Debug|Any CPU.Build.0 = Debug|Any CPU
		{D51BBE09-5EEA-FDB8-D186-68E7FC6BCAB6}.Release|Any CPU.ActiveCfg = Release|Any CPU
		{D51BBE09-5EEA-FDB8-D186-68E7FC6BCAB6}.Release|Any CPU.Build.0 = Release|Any CPU
		{72892DB4-80B1-B40E-C972-FE6D302C88D7}.Debug|Any CPU.ActiveCfg = Debug|Any CPU
		{72892DB4-80B1-B40E-C972-FE6D302C88D7}.Debug|Any CPU.Build.0 = Debug|Any CPU
		{72892DB4-80B1-B40E-C972-FE6D302C88D7}.Release|Any CPU.ActiveCfg = Release|Any CPU
		{72892DB4-80B1-B40E-C972-FE6D302C88D7}.Release|Any CPU.Build.0 = Release|Any CPU
	EndGlobalSection
	GlobalSection(SolutionProperties) = preSolution
		HideSolutionNode = FALSE
	EndGlobalSection
	GlobalSection(NestedProjects) = preSolution
		{9006F241-273C-472F-83F2-9DDDEF56FA99} = {746CE4B9-BB62-422B-8123-8BC1617DF0C0}
		{5BE7067D-5670-47E5-9610-A52E6B0D148E} = {746CE4B9-BB62-422B-8123-8BC1617DF0C0}
		{C1480715-B1A3-4F80-81CD-1B42AA413B04} = {9006F241-273C-472F-83F2-9DDDEF56FA99}
		{7F32291E-E42C-4550-B85E-B07C5AF44484} = {9006F241-273C-472F-83F2-9DDDEF56FA99}
		{F1FAD0F8-42D7-4B71-A8AD-7408DDB60B2C} = {9006F241-273C-472F-83F2-9DDDEF56FA99}
		{681CDA89-961A-4144-A37F-FCA26E8613AC} = {9006F241-273C-472F-83F2-9DDDEF56FA99}
		{ED4CB5EE-5A0D-0D8C-86C6-453DA06F233E} = {681CDA89-961A-4144-A37F-FCA26E8613AC}
		{4F3805A6-6EE7-1DE5-2704-C4756175A9BB} = {F1FAD0F8-42D7-4B71-A8AD-7408DDB60B2C}
		{A2FD4417-E004-5A9D-A54C-4BCB840D4234} = {C1480715-B1A3-4F80-81CD-1B42AA413B04}
		{D5A8FC43-936E-2216-2B76-78BC3C4603B3} = {C1480715-B1A3-4F80-81CD-1B42AA413B04}
		{AF031F10-CCC4-0824-078B-A89DBED386A4} = {7F32291E-E42C-4550-B85E-B07C5AF44484}
		{D51BBE09-5EEA-FDB8-D186-68E7FC6BCAB6} = {7F32291E-E42C-4550-B85E-B07C5AF44484}
		{72892DB4-80B1-B40E-C972-FE6D302C88D7} = {7F32291E-E42C-4550-B85E-B07C5AF44484}
	EndGlobalSection
EndGlobal
