
Microsoft Visual Studio Solution File, Format Version 12.00
# Visual Studio Version 17
VisualStudioVersion = 17.0.31903.59
MinimumVisualStudioVersion = 10.0.40219.1
Project("{2150E333-8FDC-42A3-9474-1A3956D46DE8}") = "src", "src", "{02EA681E-C7D8-13C7-8484-4AC65E1B71E8}"
EndProject
Project("{2150E333-8FDC-42A3-9474-1A3956D46DE8}") = "tests", "tests", "{93C17684-8ACD-4D56-AB5E-551A072268FA}"
EndProject
Project("{2150E333-8FDC-42A3-9474-1A3956D46DE8}") = "Core", "Core", "{ED45DC2B-A837-4107-A130-BBBE7AEE797B}"
EndProject
Project("{2150E333-8FDC-42A3-9474-1A3956D46DE8}") = "External", "External", "{700DE2E8-4812-4D39-9769-C13B7F8B8BBD}"
EndProject
Project("{FAE04EC0-301F-11D3-BF4B-00C04F79EFBC}") = "Application", "src\Core\Application\Application.csproj", "{EBDFAFC4-7AB2-4644-BA77-37A44C96DB77}"
EndProject
Project("{FAE04EC0-301F-11D3-BF4B-00C04F79EFBC}") = "Domain", "src\Core\Domain\Domain.csproj", "{1F457646-BEEA-4344-B694-58964A3E2CC5}"
EndProject
Project("{FAE04EC0-301F-11D3-BF4B-00C04F79EFBC}") = "Infrastructure", "src\External\Infrastructure\Infrastructure.csproj", "{B674E17D-EDAC-42A1-BF44-F3E5BC73995B}"
EndProject
Project("{FAE04EC0-301F-11D3-BF4B-00C04F79EFBC}") = "Persistence", "src\External\Persistence\Persistence.csproj", "{DAFD13D6-1073-473A-97BE-7A675AF2E1BE}"
EndProject
Project("{FAE04EC0-301F-11D3-BF4B-00C04F79EFBC}") = "Presentation", "src\External\Presentation\Presentation.csproj", "{217B7529-70DB-4F2A-B3BE-9EFD86A81939}"
EndProject
Project("{2150E333-8FDC-42A3-9474-1A3956D46DE8}") = "Shared", "Shared", "{F601B044-BEDD-46C1-A28C-7F51F2C75705}"
EndProject
Project("{FAE04EC0-301F-11D3-BF4B-00C04F79EFBC}") = "SharedKernel", "src\Shared\SharedKernel\SharedKernel.csproj", "{6C23A9EA-BECC-4BF9-9A22-847DFB632559}"
EndProject
Project("{2150E333-8FDC-42A3-9474-1A3956D46DE8}") = "Bootstrapper", "Bootstrapper", "{01BE1143-855C-4B50-A8F9-319964330884}"
EndProject
Project("{FAE04EC0-301F-11D3-BF4B-00C04F79EFBC}") = "Web.Api", "src\Bootstrapper\Web.Api\Web.Api.csproj", "{2F488FC6-C531-4E7E-9E99-5AE7AC295028}"
EndProject
Global
	GlobalSection(SolutionConfigurationPlatforms) = preSolution
		Debug|Any CPU = Debug|Any CPU
		Release|Any CPU = Release|Any CPU
	EndGlobalSection
	GlobalSection(ProjectConfigurationPlatforms) = postSolution
		{EBDFAFC4-7AB2-4644-BA77-37A44C96DB77}.Debug|Any CPU.ActiveCfg = Debug|Any CPU
		{EBDFAFC4-7AB2-4644-BA77-37A44C96DB77}.Debug|Any CPU.Build.0 = Debug|Any CPU
		{EBDFAFC4-7AB2-4644-BA77-37A44C96DB77}.Release|Any CPU.ActiveCfg = Release|Any CPU
		{EBDFAFC4-7AB2-4644-BA77-37A44C96DB77}.Release|Any CPU.Build.0 = Release|Any CPU
		{1F457646-BEEA-4344-B694-58964A3E2CC5}.Debug|Any CPU.ActiveCfg = Debug|Any CPU
		{1F457646-BEEA-4344-B694-58964A3E2CC5}.Debug|Any CPU.Build.0 = Debug|Any CPU
		{1F457646-BEEA-4344-B694-58964A3E2CC5}.Release|Any CPU.ActiveCfg = Release|Any CPU
		{1F457646-BEEA-4344-B694-58964A3E2CC5}.Release|Any CPU.Build.0 = Release|Any CPU
		{B674E17D-EDAC-42A1-BF44-F3E5BC73995B}.Debug|Any CPU.ActiveCfg = Debug|Any CPU
		{B674E17D-EDAC-42A1-BF44-F3E5BC73995B}.Debug|Any CPU.Build.0 = Debug|Any CPU
		{B674E17D-EDAC-42A1-BF44-F3E5BC73995B}.Release|Any CPU.ActiveCfg = Release|Any CPU
		{B674E17D-EDAC-42A1-BF44-F3E5BC73995B}.Release|Any CPU.Build.0 = Release|Any CPU
		{DAFD13D6-1073-473A-97BE-7A675AF2E1BE}.Debug|Any CPU.ActiveCfg = Debug|Any CPU
		{DAFD13D6-1073-473A-97BE-7A675AF2E1BE}.Debug|Any CPU.Build.0 = Debug|Any CPU
		{DAFD13D6-1073-473A-97BE-7A675AF2E1BE}.Release|Any CPU.ActiveCfg = Release|Any CPU
		{DAFD13D6-1073-473A-97BE-7A675AF2E1BE}.Release|Any CPU.Build.0 = Release|Any CPU
		{217B7529-70DB-4F2A-B3BE-9EFD86A81939}.Debug|Any CPU.ActiveCfg = Debug|Any CPU
		{217B7529-70DB-4F2A-B3BE-9EFD86A81939}.Debug|Any CPU.Build.0 = Debug|Any CPU
		{217B7529-70DB-4F2A-B3BE-9EFD86A81939}.Release|Any CPU.ActiveCfg = Release|Any CPU
		{217B7529-70DB-4F2A-B3BE-9EFD86A81939}.Release|Any CPU.Build.0 = Release|Any CPU
		{6C23A9EA-BECC-4BF9-9A22-847DFB632559}.Debug|Any CPU.ActiveCfg = Debug|Any CPU
		{6C23A9EA-BECC-4BF9-9A22-847DFB632559}.Debug|Any CPU.Build.0 = Debug|Any CPU
		{6C23A9EA-BECC-4BF9-9A22-847DFB632559}.Release|Any CPU.ActiveCfg = Release|Any CPU
		{6C23A9EA-BECC-4BF9-9A22-847DFB632559}.Release|Any CPU.Build.0 = Release|Any CPU
		{2F488FC6-C531-4E7E-9E99-5AE7AC295028}.Debug|Any CPU.ActiveCfg = Debug|Any CPU
		{2F488FC6-C531-4E7E-9E99-5AE7AC295028}.Debug|Any CPU.Build.0 = Debug|Any CPU
		{2F488FC6-C531-4E7E-9E99-5AE7AC295028}.Release|Any CPU.ActiveCfg = Release|Any CPU
		{2F488FC6-C531-4E7E-9E99-5AE7AC295028}.Release|Any CPU.Build.0 = Release|Any CPU
	EndGlobalSection
	GlobalSection(SolutionProperties) = preSolution
		HideSolutionNode = FALSE
	EndGlobalSection
	GlobalSection(NestedProjects) = preSolution
		{ED45DC2B-A837-4107-A130-BBBE7AEE797B} = {02EA681E-C7D8-13C7-8484-4AC65E1B71E8}
		{700DE2E8-4812-4D39-9769-C13B7F8B8BBD} = {02EA681E-C7D8-13C7-8484-4AC65E1B71E8}
		{EBDFAFC4-7AB2-4644-BA77-37A44C96DB77} = {ED45DC2B-A837-4107-A130-BBBE7AEE797B}
		{1F457646-BEEA-4344-B694-58964A3E2CC5} = {ED45DC2B-A837-4107-A130-BBBE7AEE797B}
		{B674E17D-EDAC-42A1-BF44-F3E5BC73995B} = {700DE2E8-4812-4D39-9769-C13B7F8B8BBD}
		{DAFD13D6-1073-473A-97BE-7A675AF2E1BE} = {700DE2E8-4812-4D39-9769-C13B7F8B8BBD}
		{217B7529-70DB-4F2A-B3BE-9EFD86A81939} = {700DE2E8-4812-4D39-9769-C13B7F8B8BBD}
		{F601B044-BEDD-46C1-A28C-7F51F2C75705} = {02EA681E-C7D8-13C7-8484-4AC65E1B71E8}
		{6C23A9EA-BECC-4BF9-9A22-847DFB632559} = {F601B044-BEDD-46C1-A28C-7F51F2C75705}
		{01BE1143-855C-4B50-A8F9-319964330884} = {02EA681E-C7D8-13C7-8484-4AC65E1B71E8}
		{2F488FC6-C531-4E7E-9E99-5AE7AC295028} = {01BE1143-855C-4B50-A8F9-319964330884}
	EndGlobalSection
	GlobalSection(ExtensibilityGlobals) = postSolution
		SolutionGuid = {16392B2D-B573-47FA-B750-19285046D028}
	EndGlobalSection
EndGlobal
